
Microsoft Visual Studio Solution File, Format Version 12.00
# Visual Studio Version 17
VisualStudioVersion = 17.0.31903.59
MinimumVisualStudioVersion = 10.0.40219.1
Project("{FAE04EC0-301F-11D3-BF4B-00C04F79EFBC}") = "ProductosAPI.API", "ProductosAPI.API\ProductosAPI.API.csproj", "{4E042463-5A76-4F35-9E0E-BED787027074}"
EndProject
Project("{FAE04EC0-301F-11D3-BF4B-00C04F79EFBC}") = "ProductosAPI.Models", "ProductosAPI.Models\ProductosAPI.Models.csproj", "{B2583C40-C044-4CA7-A91E-317EB8B9B234}"
EndProject
Project("{FAE04EC0-301F-11D3-BF4B-00C04F79EFBC}") = "ProductosAPI.Repositories", "ProductosAPI.Repositories\ProductosAPI.Repositories.csproj", "{2479244C-B02F-4143-BAAF-F6E1B0C64A0F}"
EndProject
Project("{FAE04EC0-301F-11D3-BF4B-00C04F79EFBC}") = "ProductosAPI.Services", "ProductosAPI.Services\ProductosAPI.Services.csproj", "{43A709C3-7A8B-43BB-A096-67B4F616BFD3}"
EndProject
Global
	GlobalSection(SolutionConfigurationPlatforms) = preSolution
		Debug|Any CPU = Debug|Any CPU
		Release|Any CPU = Release|Any CPU
	EndGlobalSection
	GlobalSection(SolutionProperties) = preSolution
		HideSolutionNode = FALSE
	EndGlobalSection
	GlobalSection(ProjectConfigurationPlatforms) = postSolution
		{4E042463-5A76-4F35-9E0E-BED787027074}.Debug|Any CPU.ActiveCfg = Debug|Any CPU
		{4E042463-5A76-4F35-9E0E-BED787027074}.Debug|Any CPU.Build.0 = Debug|Any CPU
		{4E042463-5A76-4F35-9E0E-BED787027074}.Release|Any CPU.ActiveCfg = Release|Any CPU
		{4E042463-5A76-4F35-9E0E-BED787027074}.Release|Any CPU.Build.0 = Release|Any CPU
		{B2583C40-C044-4CA7-A91E-317EB8B9B234}.Debug|Any CPU.ActiveCfg = Debug|Any CPU
		{B2583C40-C044-4CA7-A91E-317EB8B9B234}.Debug|Any CPU.Build.0 = Debug|Any CPU
		{B2583C40-C044-4CA7-A91E-317EB8B9B234}.Release|Any CPU.ActiveCfg = Release|Any CPU
		{B2583C40-C044-4CA7-A91E-317EB8B9B234}.Release|Any CPU.Build.0 = Release|Any CPU
		{2479244C-B02F-4143-BAAF-F6E1B0C64A0F}.Debug|Any CPU.ActiveCfg = Debug|Any CPU
		{2479244C-B02F-4143-BAAF-F6E1B0C64A0F}.Debug|Any CPU.Build.0 = Debug|Any CPU
		{2479244C-B02F-4143-BAAF-F6E1B0C64A0F}.Release|Any CPU.ActiveCfg = Release|Any CPU
		{2479244C-B02F-4143-BAAF-F6E1B0C64A0F}.Release|Any CPU.Build.0 = Release|Any CPU
		{43A709C3-7A8B-43BB-A096-67B4F616BFD3}.Debug|Any CPU.ActiveCfg = Debug|Any CPU
		{43A709C3-7A8B-43BB-A096-67B4F616BFD3}.Debug|Any CPU.Build.0 = Debug|Any CPU
		{43A709C3-7A8B-43BB-A096-67B4F616BFD3}.Release|Any CPU.ActiveCfg = Release|Any CPU
		{43A709C3-7A8B-43BB-A096-67B4F616BFD3}.Release|Any CPU.Build.0 = Release|Any CPU
	EndGlobalSection
EndGlobal
